
Microsoft Visual Studio Solution File, Format Version 12.00
# Visual Studio Version 16
VisualStudioVersion = 16.0.30114.105
MinimumVisualStudioVersion = 10.0.40219.1
Project("{2285D86E-11FF-4D91-BF80-79B70A7584E3}") = "BackgroundService", "BackgroundService\BackgroundService.csproj", "{47855E85-AE1E-4C47-98D9-F422BE6A1D71}"
EndProject
Global
	GlobalSection(SolutionConfigurationPlatforms) = preSolution
		Debug|Any CPU = Debug|Any CPU
		Release|Any CPU = Release|Any CPU
	EndGlobalSection
	GlobalSection(SolutionProperties) = preSolution
		HideSolutionNode = FALSE
	EndGlobalSection
	GlobalSection(ProjectConfigurationPlatforms) = postSolution
		{47855E85-AE1E-4C47-98D9-F422BE6A1D71}.Debug|Any CPU.ActiveCfg = Debug|Any CPU
		{47855E85-AE1E-4C47-98D9-F422BE6A1D71}.Debug|Any CPU.Build.0 = Debug|Any CPU
		{47855E85-AE1E-4C47-98D9-F422BE6A1D71}.Release|Any CPU.ActiveCfg = Release|Any CPU
		{47855E85-AE1E-4C47-98D9-F422BE6A1D71}.Release|Any CPU.Build.0 = Release|Any CPU
	EndGlobalSection
EndGlobal
