
Microsoft Visual Studio Solution File, Format Version 12.00
# Visual Studio Version 17
VisualStudioVersion = 17.0.31612.314
MinimumVisualStudioVersion = 10.0.40219.1
Project("{9A19103F-16F7-4668-BE54-9A1E7A4F7556}") = "BackgroundService", "BackgroundService\BackgroundService.csproj", "{47855E85-AE1E-4C47-98D9-F422BE6A1D71}"
EndProject
Project("{2150E333-8FDC-42A3-9474-1A3956D46DE8}") = "Solution Items", "Solution Items", "{B3829659-7737-4EC9-B569-CB84B833A4F4}"
	ProjectSection(SolutionItems) = preProject
		..\.editorconfig = ..\.editorconfig
		..\.gitignore = ..\.gitignore
		Directory.Build.props = Directory.Build.props
		Directory.Build.targets = Directory.Build.targets
	EndProjectSection
EndProject
Project("{9A19103F-16F7-4668-BE54-9A1E7A4F7556}") = "DailyCmdrLib", "DailyCmdrLib\DailyCmdrLib.csproj", "{9AEDB687-47E3-4D20-B5AA-BC1384AABDAC}"
EndProject
Global
	GlobalSection(SolutionConfigurationPlatforms) = preSolution
		Debug|Any CPU = Debug|Any CPU
		Release|Any CPU = Release|Any CPU
	EndGlobalSection
	GlobalSection(ProjectConfigurationPlatforms) = postSolution
		{47855E85-AE1E-4C47-98D9-F422BE6A1D71}.Debug|Any CPU.ActiveCfg = Debug|Any CPU
		{47855E85-AE1E-4C47-98D9-F422BE6A1D71}.Debug|Any CPU.Build.0 = Debug|Any CPU
		{47855E85-AE1E-4C47-98D9-F422BE6A1D71}.Release|Any CPU.ActiveCfg = Release|Any CPU
		{47855E85-AE1E-4C47-98D9-F422BE6A1D71}.Release|Any CPU.Build.0 = Release|Any CPU
		{9AEDB687-47E3-4D20-B5AA-BC1384AABDAC}.Debug|Any CPU.ActiveCfg = Debug|Any CPU
		{9AEDB687-47E3-4D20-B5AA-BC1384AABDAC}.Debug|Any CPU.Build.0 = Debug|Any CPU
		{9AEDB687-47E3-4D20-B5AA-BC1384AABDAC}.Release|Any CPU.ActiveCfg = Release|Any CPU
		{9AEDB687-47E3-4D20-B5AA-BC1384AABDAC}.Release|Any CPU.Build.0 = Release|Any CPU
	EndGlobalSection
	GlobalSection(SolutionProperties) = preSolution
		HideSolutionNode = FALSE
	EndGlobalSection
	GlobalSection(ExtensibilityGlobals) = postSolution
		SolutionGuid = {79CCD58A-E0F8-4411-8EB5-BA72A2072FA1}
	EndGlobalSection
EndGlobal
